
Microsoft Visual Studio Solution File, Format Version 12.00
# Visual Studio 15
VisualStudioVersion = 15.0.27130.2036
MinimumVisualStudioVersion = 10.0.40219.1
Project("{FAE04EC0-301F-11D3-BF4B-00C04F79EFBC}") = "Introducao", "Introducao.csproj", "{9542CEAF-651B-4B9C-923D-357B0C87C298}"
EndProject
Global
	GlobalSection(SolutionConfigurationPlatforms) = preSolution
		Debug|Any CPU = Debug|Any CPU
		Release|Any CPU = Release|Any CPU
	EndGlobalSection
	GlobalSection(ProjectConfigurationPlatforms) = postSolution
		{9542CEAF-651B-4B9C-923D-357B0C87C298}.Debug|Any CPU.ActiveCfg = Debug|Any CPU
		{9542CEAF-651B-4B9C-923D-357B0C87C298}.Debug|Any CPU.Build.0 = Debug|Any CPU
		{9542CEAF-651B-4B9C-923D-357B0C87C298}.Release|Any CPU.ActiveCfg = Release|Any CPU
		{9542CEAF-651B-4B9C-923D-357B0C87C298}.Release|Any CPU.Build.0 = Release|Any CPU
	EndGlobalSection
	GlobalSection(SolutionProperties) = preSolution
		HideSolutionNode = FALSE
	EndGlobalSection
	GlobalSection(ExtensibilityGlobals) = postSolution
		SolutionGuid = {5E4FFCF3-E841-405E-A370-8155759945BB}
	EndGlobalSection
EndGlobal
